
Microsoft Visual Studio Solution File, Format Version 12.00
# Visual Studio Version 16
VisualStudioVersion = 16.0.31410.357
MinimumVisualStudioVersion = 10.0.40219.1
Project("{FAE04EC0-301F-11D3-BF4B-00C04F79EFBC}") = "Front", "Front\Front.csproj", "{F2D07594-CB57-4336-B031-E44A27BAB081}"
EndProject
Global
	GlobalSection(SolutionConfigurationPlatforms) = preSolution
		Debug|Any CPU = Debug|Any CPU
		Release|Any CPU = Release|Any CPU
	EndGlobalSection
	GlobalSection(ProjectConfigurationPlatforms) = postSolution
		{F2D07594-CB57-4336-B031-E44A27BAB081}.Debug|Any CPU.ActiveCfg = Debug|Any CPU
		{F2D07594-CB57-4336-B031-E44A27BAB081}.Debug|Any CPU.Build.0 = Debug|Any CPU
		{F2D07594-CB57-4336-B031-E44A27BAB081}.Release|Any CPU.ActiveCfg = Release|Any CPU
		{F2D07594-CB57-4336-B031-E44A27BAB081}.Release|Any CPU.Build.0 = Release|Any CPU
	EndGlobalSection
	GlobalSection(SolutionProperties) = preSolution
		HideSolutionNode = FALSE
	EndGlobalSection
	GlobalSection(ExtensibilityGlobals) = postSolution
		SolutionGuid = {929BF492-E3AF-45E2-BE2B-E282A81FD5E4}
	EndGlobalSection
EndGlobal
